
Microsoft Visual Studio Solution File, Format Version 12.00
# Visual Studio Version 16
VisualStudioVersion = 16.0.31624.102
MinimumVisualStudioVersion = 10.0.40219.1
Project("{FAE04EC0-301F-11D3-BF4B-00C04F79EFBC}") = "LR21", "LR21.csproj", "{D7CE8A51-443D-4E84-B78D-87BCCCFDB83D}"
EndProject
Global
	GlobalSection(SolutionConfigurationPlatforms) = preSolution
		Debug|Any CPU = Debug|Any CPU
		Release|Any CPU = Release|Any CPU
	EndGlobalSection
	GlobalSection(ProjectConfigurationPlatforms) = postSolution
		{D7CE8A51-443D-4E84-B78D-87BCCCFDB83D}.Debug|Any CPU.ActiveCfg = Debug|Any CPU
		{D7CE8A51-443D-4E84-B78D-87BCCCFDB83D}.Debug|Any CPU.Build.0 = Debug|Any CPU
		{D7CE8A51-443D-4E84-B78D-87BCCCFDB83D}.Release|Any CPU.ActiveCfg = Release|Any CPU
		{D7CE8A51-443D-4E84-B78D-87BCCCFDB83D}.Release|Any CPU.Build.0 = Release|Any CPU
	EndGlobalSection
	GlobalSection(SolutionProperties) = preSolution
		HideSolutionNode = FALSE
	EndGlobalSection
	GlobalSection(ExtensibilityGlobals) = postSolution
		SolutionGuid = {4741539D-9A61-4DD3-B71C-9F6C8D3D0246}
	EndGlobalSection
EndGlobal
